{
  "lockfile_version": "1",
  "packages": {
    "git@2.52.0": {
      "last_modified": "2026-02-15T17:45:47Z",
      "resolved": "github:NixOS/nixpkgs/ac055f38c798b0d87695240c7b761b82fc7e5bc2#git",
      "source": "devbox-search",
      "version": "2.52.0",
      "systems": {
        "aarch64-darwin": {
          "outputs": [
            {
              "name": "out",
              "path": "/nix/store/vnhprisb777byfjpp5mdd0mxwkpvhbc0-git-2.52.0",
              "default": true
            },
            {
              "name": "doc",
              "path": "/nix/store/p0dx3053175fpr3kjf0fqgs9x6gm3dri-git-2.52.0-doc"
            }
          ],
          "store_path": "/nix/store/vnhprisb777byfjpp5mdd0mxwkpvhbc0-git-2.52.0"
        },
        "aarch64-linux": {
          "outputs": [
            {
              "name": "out",
              "path": "/nix/store/sd4bjblxfljbm13mpl50x8g336gw2dri-git-2.52.0",
              "default": true
            },
            {
              "name": "debug",
              "path": "/nix/store/cx033x4nmr12d9dcn8hxjfrajc3983f0-git-2.52.0-debug"
            },
            {
              "name": "doc",
              "path": "/nix/store/ylsmgdrnp78p8hn7n9lxpada78dka41v-git-2.52.0-doc"
            }
          ],
          "store_path": "/nix/store/sd4bjblxfljbm13mpl50x8g336gw2dri-git-2.52.0"
        },
        "x86_64-darwin": {
          "outputs": [
            {
              "name": "out",
              "path": "/nix/store/sr42bfqa0pc2ysba678mrm49g78jdynp-git-2.52.0",
              "default": true
            },
            {
              "name": "doc",
              "path": "/nix/store/fky0ci2bhwgyh9klg5682pmqswqg7wk4-git-2.52.0-doc"
            }
          ],
          "store_path": "/nix/store/sr42bfqa0pc2ysba678mrm49g78jdynp-git-2.52.0"
        },
        "x86_64-linux": {
          "outputs": [
            {
              "name": "out",
              "path": "/nix/store/ipwndaag56mm8g8gn8j98z0jvn8x4mk1-git-2.52.0",
              "default": true
            },
            {
              "name": "debug",
              "path": "/nix/store/zd8di23fmzjwrhb5ij1bjnlfqkx9j7d6-git-2.52.0-debug"
            },
            {
              "name": "doc",
              "path": "/nix/store/d8kc4kqzcrbcj92msxrpdsdjglh2q5gp-git-2.52.0-doc"
            }
          ],
          "store_path": "/nix/store/ipwndaag56mm8g8gn8j98z0jvn8x4mk1-git-2.52.0"
        }
      }
    },
    "github:NixOS/nixpkgs/nixpkgs-unstable": {
      "last_modified": "2026-02-27T06:27:13Z",
      "resolved": "github:NixOS/nixpkgs/c0f3d81a7ddbc2b1332be0d8481a672b4f6004d6?lastModified=1772173633&narHash=sha256-MOH58F4AIbCkh6qlQcwMycyk5SWvsqnS%2FTCfnqDlpj4%3D"
    },
    "go-task@3.48.0": {
      "last_modified": "2026-02-23T15:40:43Z",
      "resolved": "github:NixOS/nixpkgs/80d901ec0377e19ac3f7bb8c035201e2e098cc97#go-task",
      "source": "devbox-search",
      "version": "3.48.0",
      "systems": {
        "aarch64-darwin": {
          "outputs": [
            {
              "name": "out",
              "path": "/nix/store/lwkw29yi53lijzfjqcp01jkaqa5493wi-go-task-3.48.0",
              "default": true
            }
          ],
          "store_path": "/nix/store/lwkw29yi53lijzfjqcp01jkaqa5493wi-go-task-3.48.0"
        },
        "aarch64-linux": {
          "outputs": [
            {
              "name": "out",
              "path": "/nix/store/f6g3n71njj281hawy8chz56c6dy6icb9-go-task-3.48.0",
              "default": true
            }
          ],
          "store_path": "/nix/store/f6g3n71njj281hawy8chz56c6dy6icb9-go-task-3.48.0"
        },
        "x86_64-darwin": {
          "outputs": [
            {
              "name": "out",
              "path": "/nix/store/8ncbi1skdp8x0h5abwxrawffknrascmq-go-task-3.48.0",
              "default": true
            }
          ],
          "store_path": "/nix/store/8ncbi1skdp8x0h5abwxrawffknrascmq-go-task-3.48.0"
        },
        "x86_64-linux": {
          "outputs": [
            {
              "name": "out",
              "path": "/nix/store/5divyc7qn687x3cyq5gnyh46vgx7g9by-go-task-3.48.0",
              "default": true
            }
          ],
          "store_path": "/nix/store/5divyc7qn687x3cyq5gnyh46vgx7g9by-go-task-3.48.0"
        }
      }
    },
    "kubernetes-helm@3.19.1": {
      "last_modified": "2026-02-23T15:40:43Z",
      "resolved": "github:NixOS/nixpkgs/80d901ec0377e19ac3f7bb8c035201e2e098cc97#kubernetes-helm",
      "source": "devbox-search",
      "version": "3.19.1",
      "systems": {
        "aarch64-darwin": {
          "outputs": [
            {
              "name": "out",
              "path": "/nix/store/qgnf88s44vlb5flhrdiica0x7iq48yf3-kubernetes-helm-3.19.1",
              "default": true
            }
          ],
          "store_path": "/nix/store/qgnf88s44vlb5flhrdiica0x7iq48yf3-kubernetes-helm-3.19.1"
        },
        "aarch64-linux": {
          "outputs": [
            {
              "name": "out",
              "path": "/nix/store/rmzqdyhxj0sa2fm5h2r2fsrxl19jlvis-kubernetes-helm-3.19.1",
              "default": true
            }
          ],
          "store_path": "/nix/store/rmzqdyhxj0sa2fm5h2r2fsrxl19jlvis-kubernetes-helm-3.19.1"
        },
        "x86_64-darwin": {
          "outputs": [
            {
              "name": "out",
              "path": "/nix/store/gwrsg2lq73bppnj7j9afzfz6biva1jfa-kubernetes-helm-3.19.1",
              "default": true
            }
          ],
          "store_path": "/nix/store/gwrsg2lq73bppnj7j9afzfz6biva1jfa-kubernetes-helm-3.19.1"
        },
        "x86_64-linux": {
          "outputs": [
            {
              "name": "out",
              "path": "/nix/store/3bjwp28yvv86pih7k9p7n7w5jhcn8qd9-kubernetes-helm-3.19.1",
              "default": true
            }
          ],
          "store_path": "/nix/store/3bjwp28yvv86pih7k9p7n7w5jhcn8qd9-kubernetes-helm-3.19.1"
        }
      }
    },
    "prek@0.2.30": {
      "last_modified": "2026-02-01T05:13:08Z",
      "resolved": "github:NixOS/nixpkgs/207d15f1a6603226e1e223dc79ac29c7846da32e#prek",
      "source": "devbox-search",
      "version": "0.2.30",
      "systems": {
        "aarch64-darwin": {
          "outputs": [
            {
              "name": "out",
              "path": "/nix/store/l4a2m16q0cqirnkpx7zjbprsz6pn3n1v-prek-0.2.30",
              "default": true
            }
          ],
          "store_path": "/nix/store/l4a2m16q0cqirnkpx7zjbprsz6pn3n1v-prek-0.2.30"
        },
        "aarch64-linux": {
          "outputs": [
            {
              "name": "out",
              "path": "/nix/store/sqmy2w55wpacciwwp2wbmn3h578nvz7z-prek-0.2.30",
              "default": true
            }
          ],
          "store_path": "/nix/store/sqmy2w55wpacciwwp2wbmn3h578nvz7z-prek-0.2.30"
        },
        "x86_64-darwin": {
          "outputs": [
            {
              "name": "out",
              "path": "/nix/store/y4rkkq2khr71i6k20rgdifhk5z22l02v-prek-0.2.30",
              "default": true
            }
          ],
          "store_path": "/nix/store/y4rkkq2khr71i6k20rgdifhk5z22l02v-prek-0.2.30"
        },
        "x86_64-linux": {
          "outputs": [
            {
              "name": "out",
              "path": "/nix/store/xx9zcag296pwb89aam25w8vfk40krk43-prek-0.2.30",
              "default": true
            }
          ],
          "store_path": "/nix/store/xx9zcag296pwb89aam25w8vfk40krk43-prek-0.2.30"
        }
      }
    },
    "yq@3.4.3": {
      "last_modified": "2026-02-23T15:40:43Z",
      "resolved": "github:NixOS/nixpkgs/80d901ec0377e19ac3f7bb8c035201e2e098cc97#yq",
      "source": "devbox-search",
      "version": "3.4.3",
      "systems": {
        "aarch64-darwin": {
          "outputs": [
            {
              "name": "out",
              "path": "/nix/store/gnlg7djh05mbs99yrdzpfd7gysx61wds-python3.13-yq-3.4.3",
              "default": true
            },
            {
              "name": "dist",
              "path": "/nix/store/22288q7jw3k6ynz3a00d25jz6j5114m3-python3.13-yq-3.4.3-dist"
            }
          ],
          "store_path": "/nix/store/gnlg7djh05mbs99yrdzpfd7gysx61wds-python3.13-yq-3.4.3"
        },
        "aarch64-linux": {
          "outputs": [
            {
              "name": "out",
              "path": "/nix/store/b41vcjm34qggcahmz8cg27hgxyp7vczp-python3.13-yq-3.4.3",
              "default": true
            },
            {
              "name": "dist",
              "path": "/nix/store/m3nqzvabvpanr6zy1fsw3x689lhndawd-python3.13-yq-3.4.3-dist"
            }
          ],
          "store_path": "/nix/store/b41vcjm34qggcahmz8cg27hgxyp7vczp-python3.13-yq-3.4.3"
        },
        "x86_64-darwin": {
          "outputs": [
            {
              "name": "out",
              "path": "/nix/store/0f7zsq8f28gn6iwpq8rndc2h2g0ad9cx-python3.13-yq-3.4.3",
              "default": true
            },
            {
              "name": "dist",
              "path": "/nix/store/npsbgzl1y7jr7ag1kb6gzni3b77ijc7d-python3.13-yq-3.4.3-dist"
            }
          ],
          "store_path": "/nix/store/0f7zsq8f28gn6iwpq8rndc2h2g0ad9cx-python3.13-yq-3.4.3"
        },
        "x86_64-linux": {
          "outputs": [
            {
              "name": "out",
              "path": "/nix/store/68wrd4nkylj3g69gssczpsan1wvbc95r-python3.13-yq-3.4.3",
              "default": true
            },
            {
              "name": "dist",
              "path": "/nix/store/xkk51jdxbqr2swr8mn1sg98ishy613ng-python3.13-yq-3.4.3-dist"
            }
          ],
          "store_path": "/nix/store/68wrd4nkylj3g69gssczpsan1wvbc95r-python3.13-yq-3.4.3"
        }
      }
    }
  }
}
