{
  "lockfile_version": "1",
  "packages": {
    "git@2.53.0": {
      "last_modified": "2026-03-03T16:23:08Z",
      "resolved": "github:NixOS/nixpkgs/87f6b6e02cb3f87a1be4f939326c94c8af9d55d8#git",
      "source": "devbox-search",
      "version": "2.53.0",
      "systems": {
        "aarch64-darwin": {
          "outputs": [
            {
              "name": "out",
              "path": "/nix/store/rfbzyqcygzpyh5ncb79n07x8bhws2pq3-git-2.53.0",
              "default": true
            },
            {
              "name": "doc",
              "path": "/nix/store/lgbyzfz2j1j7g47331i5684765akl38m-git-2.53.0-doc"
            }
          ],
          "store_path": "/nix/store/rfbzyqcygzpyh5ncb79n07x8bhws2pq3-git-2.53.0"
        },
        "aarch64-linux": {
          "outputs": [
            {
              "name": "out",
              "path": "/nix/store/xz8bzpl5fz92bkhcdmf4g45znvvzcakd-git-2.53.0",
              "default": true
            },
            {
              "name": "debug",
              "path": "/nix/store/xr7sgggqixdji66nhax03lwmk25ms7af-git-2.53.0-debug"
            },
            {
              "name": "doc",
              "path": "/nix/store/lspm2ph3iad5y9irmh2wms6bm3nhhy76-git-2.53.0-doc"
            }
          ],
          "store_path": "/nix/store/xz8bzpl5fz92bkhcdmf4g45znvvzcakd-git-2.53.0"
        },
        "x86_64-darwin": {
          "outputs": [
            {
              "name": "out",
              "path": "/nix/store/bmddbpv896f9rgnm0835434qjiqh1psc-git-2.53.0",
              "default": true
            },
            {
              "name": "doc",
              "path": "/nix/store/0wx1wdjy7imyv7cp6p6m2l17ycq7n3q4-git-2.53.0-doc"
            }
          ],
          "store_path": "/nix/store/bmddbpv896f9rgnm0835434qjiqh1psc-git-2.53.0"
        },
        "x86_64-linux": {
          "outputs": [
            {
              "name": "out",
              "path": "/nix/store/8x49w8i0vafv34rlc6h4a0f7z0z2qpb5-git-2.53.0",
              "default": true
            },
            {
              "name": "debug",
              "path": "/nix/store/i9fi7yqx2z2dryn80w5pr4b1v4nmyida-git-2.53.0-debug"
            },
            {
              "name": "doc",
              "path": "/nix/store/frqc9w8q0dxsg7b8w3j0cv1lb9bd6xww-git-2.53.0-doc"
            }
          ],
          "store_path": "/nix/store/8x49w8i0vafv34rlc6h4a0f7z0z2qpb5-git-2.53.0"
        }
      }
    },
    "github:NixOS/nixpkgs/nixpkgs-unstable": {
      "last_modified": "2026-02-27T06:27:13Z",
      "resolved": "github:NixOS/nixpkgs/c0f3d81a7ddbc2b1332be0d8481a672b4f6004d6?lastModified=1772173633&narHash=sha256-MOH58F4AIbCkh6qlQcwMycyk5SWvsqnS%2FTCfnqDlpj4%3D"
    },
    "go-task@3.48.0": {
      "last_modified": "2026-02-23T15:40:43Z",
      "resolved": "github:NixOS/nixpkgs/80d901ec0377e19ac3f7bb8c035201e2e098cc97#go-task",
      "source": "devbox-search",
      "version": "3.48.0",
      "systems": {
        "aarch64-darwin": {
          "outputs": [
            {
              "name": "out",
              "path": "/nix/store/lwkw29yi53lijzfjqcp01jkaqa5493wi-go-task-3.48.0",
              "default": true
            }
          ],
          "store_path": "/nix/store/lwkw29yi53lijzfjqcp01jkaqa5493wi-go-task-3.48.0"
        },
        "aarch64-linux": {
          "outputs": [
            {
              "name": "out",
              "path": "/nix/store/f6g3n71njj281hawy8chz56c6dy6icb9-go-task-3.48.0",
              "default": true
            }
          ],
          "store_path": "/nix/store/f6g3n71njj281hawy8chz56c6dy6icb9-go-task-3.48.0"
        },
        "x86_64-darwin": {
          "outputs": [
            {
              "name": "out",
              "path": "/nix/store/8ncbi1skdp8x0h5abwxrawffknrascmq-go-task-3.48.0",
              "default": true
            }
          ],
          "store_path": "/nix/store/8ncbi1skdp8x0h5abwxrawffknrascmq-go-task-3.48.0"
        },
        "x86_64-linux": {
          "outputs": [
            {
              "name": "out",
              "path": "/nix/store/5divyc7qn687x3cyq5gnyh46vgx7g9by-go-task-3.48.0",
              "default": true
            }
          ],
          "store_path": "/nix/store/5divyc7qn687x3cyq5gnyh46vgx7g9by-go-task-3.48.0"
        }
      }
    },
    "kubernetes-helm@3.19.1": {
      "last_modified": "2026-02-23T15:40:43Z",
      "resolved": "github:NixOS/nixpkgs/80d901ec0377e19ac3f7bb8c035201e2e098cc97#kubernetes-helm",
      "source": "devbox-search",
      "version": "3.19.1",
      "systems": {
        "aarch64-darwin": {
          "outputs": [
            {
              "name": "out",
              "path": "/nix/store/qgnf88s44vlb5flhrdiica0x7iq48yf3-kubernetes-helm-3.19.1",
              "default": true
            }
          ],
          "store_path": "/nix/store/qgnf88s44vlb5flhrdiica0x7iq48yf3-kubernetes-helm-3.19.1"
        },
        "aarch64-linux": {
          "outputs": [
            {
              "name": "out",
              "path": "/nix/store/rmzqdyhxj0sa2fm5h2r2fsrxl19jlvis-kubernetes-helm-3.19.1",
              "default": true
            }
          ],
          "store_path": "/nix/store/rmzqdyhxj0sa2fm5h2r2fsrxl19jlvis-kubernetes-helm-3.19.1"
        },
        "x86_64-darwin": {
          "outputs": [
            {
              "name": "out",
              "path": "/nix/store/gwrsg2lq73bppnj7j9afzfz6biva1jfa-kubernetes-helm-3.19.1",
              "default": true
            }
          ],
          "store_path": "/nix/store/gwrsg2lq73bppnj7j9afzfz6biva1jfa-kubernetes-helm-3.19.1"
        },
        "x86_64-linux": {
          "outputs": [
            {
              "name": "out",
              "path": "/nix/store/3bjwp28yvv86pih7k9p7n7w5jhcn8qd9-kubernetes-helm-3.19.1",
              "default": true
            }
          ],
          "store_path": "/nix/store/3bjwp28yvv86pih7k9p7n7w5jhcn8qd9-kubernetes-helm-3.19.1"
        }
      }
    },
    "prek@0.3.4": {
      "last_modified": "2026-03-10T02:35:18Z",
      "resolved": "github:NixOS/nixpkgs/e607cb5360ff1234862ac9f8839522becb853bb9#prek",
      "source": "devbox-search",
      "version": "0.3.4",
      "systems": {
        "aarch64-darwin": {
          "outputs": [
            {
              "name": "out",
              "path": "/nix/store/1ryhv3vsfxxrp4hjqnc6n6i7dc0fhyn7-prek-0.3.4",
              "default": true
            }
          ],
          "store_path": "/nix/store/1ryhv3vsfxxrp4hjqnc6n6i7dc0fhyn7-prek-0.3.4"
        },
        "aarch64-linux": {
          "outputs": [
            {
              "name": "out",
              "path": "/nix/store/z75w6qdfqzpm6mds2ysicvzajnn5mn4z-prek-0.3.4",
              "default": true
            }
          ],
          "store_path": "/nix/store/z75w6qdfqzpm6mds2ysicvzajnn5mn4z-prek-0.3.4"
        },
        "x86_64-darwin": {
          "outputs": [
            {
              "name": "out",
              "path": "/nix/store/mfycsmnssqpgx8jwdcp8g5mc8zb14lfx-prek-0.3.4",
              "default": true
            }
          ],
          "store_path": "/nix/store/mfycsmnssqpgx8jwdcp8g5mc8zb14lfx-prek-0.3.4"
        },
        "x86_64-linux": {
          "outputs": [
            {
              "name": "out",
              "path": "/nix/store/a6ijavy472m17cy5f2axa8k7c9vl25z0-prek-0.3.4",
              "default": true
            }
          ],
          "store_path": "/nix/store/a6ijavy472m17cy5f2axa8k7c9vl25z0-prek-0.3.4"
        }
      }
    },
    "yq@3.4.3": {
      "last_modified": "2026-02-23T15:40:43Z",
      "resolved": "github:NixOS/nixpkgs/80d901ec0377e19ac3f7bb8c035201e2e098cc97#yq",
      "source": "devbox-search",
      "version": "3.4.3",
      "systems": {
        "aarch64-darwin": {
          "outputs": [
            {
              "name": "out",
              "path": "/nix/store/gnlg7djh05mbs99yrdzpfd7gysx61wds-python3.13-yq-3.4.3",
              "default": true
            },
            {
              "name": "dist",
              "path": "/nix/store/22288q7jw3k6ynz3a00d25jz6j5114m3-python3.13-yq-3.4.3-dist"
            }
          ],
          "store_path": "/nix/store/gnlg7djh05mbs99yrdzpfd7gysx61wds-python3.13-yq-3.4.3"
        },
        "aarch64-linux": {
          "outputs": [
            {
              "name": "out",
              "path": "/nix/store/b41vcjm34qggcahmz8cg27hgxyp7vczp-python3.13-yq-3.4.3",
              "default": true
            },
            {
              "name": "dist",
              "path": "/nix/store/m3nqzvabvpanr6zy1fsw3x689lhndawd-python3.13-yq-3.4.3-dist"
            }
          ],
          "store_path": "/nix/store/b41vcjm34qggcahmz8cg27hgxyp7vczp-python3.13-yq-3.4.3"
        },
        "x86_64-darwin": {
          "outputs": [
            {
              "name": "out",
              "path": "/nix/store/0f7zsq8f28gn6iwpq8rndc2h2g0ad9cx-python3.13-yq-3.4.3",
              "default": true
            },
            {
              "name": "dist",
              "path": "/nix/store/npsbgzl1y7jr7ag1kb6gzni3b77ijc7d-python3.13-yq-3.4.3-dist"
            }
          ],
          "store_path": "/nix/store/0f7zsq8f28gn6iwpq8rndc2h2g0ad9cx-python3.13-yq-3.4.3"
        },
        "x86_64-linux": {
          "outputs": [
            {
              "name": "out",
              "path": "/nix/store/68wrd4nkylj3g69gssczpsan1wvbc95r-python3.13-yq-3.4.3",
              "default": true
            },
            {
              "name": "dist",
              "path": "/nix/store/xkk51jdxbqr2swr8mn1sg98ishy613ng-python3.13-yq-3.4.3-dist"
            }
          ],
          "store_path": "/nix/store/68wrd4nkylj3g69gssczpsan1wvbc95r-python3.13-yq-3.4.3"
        }
      }
    }
  }
}
